// !$*UTF8*$!
{
	archiveVersion = 1;
	classes = {
	};
	objectVersion = 55;
	objects = {

/* Begin PBXBuildFile section */
		9F8B687D299F634D005E807F /* ViewVideoPlayer.docc in Sources */ = {isa = PBXBuildFile; fileRef = 9F8B687C299F634D005E807F /* ViewVideoPlayer.docc */; };
		9F8B6883299F634D005E807F /* ViewVideoPlayer.framework in Frameworks */ = {isa = PBXBuildFile; fileRef = 9F8B6878299F634D005E807F /* ViewVideoPlayer.framework */; };
		9F8B6888299F634D005E807F /* ViewVideoPlayerTests.swift in Sources */ = {isa = PBXBuildFile; fileRef = 9F8B6887299F634D005E807F /* ViewVideoPlayerTests.swift */; };
		9F8B6889299F634D005E807F /* ViewVideoPlayer.h in Headers */ = {isa = PBXBuildFile; fileRef = 9F8B687B299F634D005E807F /* ViewVideoPlayer.h */; settings = {ATTRIBUTES = (Public, ); }; };
		9F8B6894299F63A2005E807F /* ViewVideoPlayer.swift in Sources */ = {isa = PBXBuildFile; fileRef = 9F8B6893299F63A2005E807F /* ViewVideoPlayer.swift */; };
/* End PBXBuildFile section */

/* Begin PBXContainerItemProxy section */
		9F8B6884299F634D005E807F /* PBXContainerItemProxy */ = {
			isa = PBXContainerItemProxy;
			containerPortal = 9F8B686F299F634D005E807F /* Project object */;
			proxyType = 1;
			remoteGlobalIDString = 9F8B6877299F634D005E807F;
			remoteInfo = ViewVideoPlayer;
		};
/* End PBXContainerItemProxy section */

/* Begin PBXFileReference section */
		9F8B6878299F634D005E807F /* ViewVideoPlayer.framework */ = {isa = PBXFileReference; explicitFileType = wrapper.framework; includeInIndex = 0; path = ViewVideoPlayer.framework; sourceTree = BUILT_PRODUCTS_DIR; };
		9F8B687B299F634D005E807F /* ViewVideoPlayer.h */ = {isa = PBXFileReference; lastKnownFileType = sourcecode.c.h; path = ViewVideoPlayer.h; sourceTree = "<group>"; };
		9F8B687C299F634D005E807F /* ViewVideoPlayer.docc */ = {isa = PBXFileReference; lastKnownFileType = folder.documentationcatalog; path = ViewVideoPlayer.docc; sourceTree = "<group>"; };
		9F8B6882299F634D005E807F /* ViewVideoPlayerTests.xctest */ = {isa = PBXFileReference; explicitFileType = wrapper.cfbundle; includeInIndex = 0; path = ViewVideoPlayerTests.xctest; sourceTree = BUILT_PRODUCTS_DIR; };
		9F8B6887299F634D005E807F /* ViewVideoPlayerTests.swift */ = {isa = PBXFileReference; lastKnownFileType = sourcecode.swift; path = ViewVideoPlayerTests.swift; sourceTree = "<group>"; };
		9F8B6893299F63A2005E807F /* ViewVideoPlayer.swift */ = {isa = PBXFileReference; lastKnownFileType = sourcecode.swift; path = ViewVideoPlayer.swift; sourceTree = "<group>"; };
/* End PBXFileReference section */

/* Begin PBXFrameworksBuildPhase section */
		9F8B6875299F634D005E807F /* Frameworks */ = {
			isa = PBXFrameworksBuildPhase;
			buildActionMask = 2147483647;
			files = (
			);
			runOnlyForDeploymentPostprocessing = 0;
		};
		9F8B687F299F634D005E807F /* Frameworks */ = {
			isa = PBXFrameworksBuildPhase;
			buildActionMask = 2147483647;
			files = (
				9F8B6883299F634D005E807F /* ViewVideoPlayer.framework in Frameworks */,
			);
			runOnlyForDeploymentPostprocessing = 0;
		};
/* End PBXFrameworksBuildPhase section */

/* Begin PBXGroup section */
		9F8B686E299F634D005E807F = {
			isa = PBXGroup;
			children = (
				9F8B687A299F634D005E807F /* ViewVideoPlayer */,
				9F8B6886299F634D005E807F /* ViewVideoPlayerTests */,
				9F8B6879299F634D005E807F /* Products */,
			);
			sourceTree = "<group>";
		};
		9F8B6879299F634D005E807F /* Products */ = {
			isa = PBXGroup;
			children = (
				9F8B6878299F634D005E807F /* ViewVideoPlayer.framework */,
				9F8B6882299F634D005E807F /* ViewVideoPlayerTests.xctest */,
			);
			name = Products;
			sourceTree = "<group>";
		};
		9F8B687A299F634D005E807F /* ViewVideoPlayer */ = {
			isa = PBXGroup;
			children = (
				9F8B6892299F6396005E807F /* New Group */,
				9F8B687B299F634D005E807F /* ViewVideoPlayer.h */,
				9F8B687C299F634D005E807F /* ViewVideoPlayer.docc */,
			);
			path = ViewVideoPlayer;
			sourceTree = "<group>";
		};
		9F8B6886299F634D005E807F /* ViewVideoPlayerTests */ = {
			isa = PBXGroup;
			children = (
				9F8B6887299F634D005E807F /* ViewVideoPlayerTests.swift */,
			);
			path = ViewVideoPlayerTests;
			sourceTree = "<group>";
		};
		9F8B6892299F6396005E807F /* New Group */ = {
			isa = PBXGroup;
			children = (
				9F8B6893299F63A2005E807F /* ViewVideoPlayer.swift */,
			);
			path = "New Group";
			sourceTree = "<group>";
		};
/* End PBXGroup section */

/* Begin PBXHeadersBuildPhase section */
		9F8B6873299F634D005E807F /* Headers */ = {
			isa = PBXHeadersBuildPhase;
			buildActionMask = 2147483647;
			files = (
				9F8B6889299F634D005E807F /* ViewVideoPlayer.h in Headers */,
			);
			runOnlyForDeploymentPostprocessing = 0;
		};
/* End PBXHeadersBuildPhase section */

/* Begin PBXNativeTarget section */
		9F8B6877299F634D005E807F /* ViewVideoPlayer */ = {
			isa = PBXNativeTarget;
			buildConfigurationList = 9F8B688C299F634D005E807F /* Build configuration list for PBXNativeTarget "ViewVideoPlayer" */;
			buildPhases = (
				9F8B6873299F634D005E807F /* Headers */,
				9F8B6874299F634D005E807F /* Sources */,
				9F8B6875299F634D005E807F /* Frameworks */,
				9F8B6876299F634D005E807F /* Resources */,
			);
			buildRules = (
			);
			dependencies = (
			);
			name = ViewVideoPlayer;
			productName = ViewVideoPlayer;
			productReference = 9F8B6878299F634D005E807F /* ViewVideoPlayer.framework */;
			productType = "com.apple.product-type.framework";
		};
		9F8B6881299F634D005E807F /* ViewVideoPlayerTests */ = {
			isa = PBXNativeTarget;
			buildConfigurationList = 9F8B688F299F634D005E807F /* Build configuration list for PBXNativeTarget "ViewVideoPlayerTests" */;
			buildPhases = (
				9F8B687E299F634D005E807F /* Sources */,
				9F8B687F299F634D005E807F /* Frameworks */,
				9F8B6880299F634D005E807F /* Resources */,
			);
			buildRules = (
			);
			dependencies = (
				9F8B6885299F634D005E807F /* PBXTargetDependency */,
			);
			name = ViewVideoPlayerTests;
			productName = ViewVideoPlayerTests;
			productReference = 9F8B6882299F634D005E807F /* ViewVideoPlayerTests.xctest */;
			productType = "com.apple.product-type.bundle.unit-test";
		};
/* End PBXNativeTarget section */

/* Begin PBXProject section */
		9F8B686F299F634D005E807F /* Project object */ = {
			isa = PBXProject;
			attributes = {
				BuildIndependentTargetsInParallel = 1;
				LastSwiftUpdateCheck = 1340;
				LastUpgradeCheck = 1340;
				TargetAttributes = {
					9F8B6877299F634D005E807F = {
						CreatedOnToolsVersion = 13.4.1;
					};
					9F8B6881299F634D005E807F = {
						CreatedOnToolsVersion = 13.4.1;
					};
				};
			};
			buildConfigurationList = 9F8B6872299F634D005E807F /* Build configuration list for PBXProject "ViewVideoPlayer" */;
			compatibilityVersion = "Xcode 13.0";
			developmentRegion = en;
			hasScannedForEncodings = 0;
			knownRegions = (
				en,
				Base,
			);
			mainGroup = 9F8B686E299F634D005E807F;
			productRefGroup = 9F8B6879299F634D005E807F /* Products */;
			projectDirPath = "";
			projectRoot = "";
			targets = (
				9F8B6877299F634D005E807F /* ViewVideoPlayer */,
				9F8B6881299F634D005E807F /* ViewVideoPlayerTests */,
			);
		};
/* End PBXProject section */

/* Begin PBXResourcesBuildPhase section */
		9F8B6876299F634D005E807F /* Resources */ = {
			isa = PBXResourcesBuildPhase;
			buildActionMask = 2147483647;
			files = (
			);
			runOnlyForDeploymentPostprocessing = 0;
		};
		9F8B6880299F634D005E807F /* Resources */ = {
			isa = PBXResourcesBuildPhase;
			buildActionMask = 2147483647;
			files = (
			);
			runOnlyForDeploymentPostprocessing = 0;
		};
/* End PBXResourcesBuildPhase section */

/* Begin PBXSourcesBuildPhase section */
		9F8B6874299F634D005E807F /* Sources */ = {
			isa = PBXSourcesBuildPhase;
			buildActionMask = 2147483647;
			files = (
				9F8B687D299F634D005E807F /* ViewVideoPlayer.docc in Sources */,
				9F8B6894299F63A2005E807F /* ViewVideoPlayer.swift in Sources */,
			);
			runOnlyForDeploymentPostprocessing = 0;
		};
		9F8B687E299F634D005E807F /* Sources */ = {
			isa = PBXSourcesBuildPhase;
			buildActionMask = 2147483647;
			files = (
				9F8B6888299F634D005E807F /* ViewVideoPlayerTests.swift in Sources */,
			);
			runOnlyForDeploymentPostprocessing = 0;
		};
/* End PBXSourcesBuildPhase section */

/* Begin PBXTargetDependency section */
		9F8B6885299F634D005E807F /* PBXTargetDependency */ = {
			isa = PBXTargetDependency;
			target = 9F8B6877299F634D005E807F /* ViewVideoPlayer */;
			targetProxy = 9F8B6884299F634D005E807F /* PBXContainerItemProxy */;
		};
/* End PBXTargetDependency section */

/* Begin XCBuildConfiguration section */
		9F8B688A299F634D005E807F /* Debug */ = {
			isa = XCBuildConfiguration;
			buildSettings = {
				ALWAYS_SEARCH_USER_PATHS = NO;
				CLANG_ANALYZER_NONNULL = YES;
				CLANG_ANALYZER_NUMBER_OBJECT_CONVERSION = YES_AGGRESSIVE;
				CLANG_CXX_LANGUAGE_STANDARD = "gnu++17";
				CLANG_ENABLE_MODULES = YES;
				CLANG_ENABLE_OBJC_ARC = YES;
				CLANG_ENABLE_OBJC_WEAK = YES;
				CLANG_WARN_BLOCK_CAPTURE_AUTORELEASING = YES;
				CLANG_WARN_BOOL_CONVERSION = YES;
				CLANG_WARN_COMMA = YES;
				CLANG_WARN_CONSTANT_CONVERSION = YES;
				CLANG_WARN_DEPRECATED_OBJC_IMPLEMENTATIONS = YES;
				CLANG_WARN_DIRECT_OBJC_ISA_USAGE = YES_ERROR;
				CLANG_WARN_DOCUMENTATION_COMMENTS = YES;
				CLANG_WARN_EMPTY_BODY = YES;
				CLANG_WARN_ENUM_CONVERSION = YES;
				CLANG_WARN_INFINITE_RECURSION = YES;
				CLANG_WARN_INT_CONVERSION = YES;
				CLANG_WARN_NON_LITERAL_NULL_CONVERSION = YES;
				CLANG_WARN_OBJC_IMPLICIT_RETAIN_SELF = YES;
				CLANG_WARN_OBJC_LITERAL_CONVERSION = YES;
				CLANG_WARN_OBJC_ROOT_CLASS = YES_ERROR;
				CLANG_WARN_QUOTED_INCLUDE_IN_FRAMEWORK_HEADER = YES;
				CLANG_WARN_RANGE_LOOP_ANALYSIS = YES;
				CLANG_WARN_STRICT_PROTOTYPES = YES;
				CLANG_WARN_SUSPICIOUS_MOVE = YES;
				CLANG_WARN_UNGUARDED_AVAILABILITY = YES_AGGRESSIVE;
				CLANG_WARN_UNREACHABLE_CODE = YES;
				CLANG_WARN__DUPLICATE_METHOD_MATCH = YES;
				COPY_PHASE_STRIP = NO;
				CURRENT_PROJECT_VERSION = 1;
				DEBUG_INFORMATION_FORMAT = dwarf;
				ENABLE_STRICT_OBJC_MSGSEND = YES;
				ENABLE_TESTABILITY = YES;
				GCC_C_LANGUAGE_STANDARD = gnu11;
				GCC_DYNAMIC_NO_PIC = NO;
				GCC_NO_COMMON_BLOCKS = YES;
				GCC_OPTIMIZATION_LEVEL = 0;
				GCC_PREPROCESSOR_DEFINITIONS = (
					"DEBUG=1",
					"$(inherited)",
				);
				GCC_WARN_64_TO_32_BIT_CONVERSION = YES;
				GCC_WARN_ABOUT_RETURN_TYPE = YES_ERROR;
				GCC_WARN_UNDECLARED_SELECTOR = YES;
				GCC_WARN_UNINITIALIZED_AUTOS = YES_AGGRESSIVE;
				GCC_WARN_UNUSED_FUNCTION = YES;
				GCC_WARN_UNUSED_VARIABLE = YES;
				IPHONEOS_DEPLOYMENT_TARGET = 15.5;
				MTL_ENABLE_DEBUG_INFO = INCLUDE_SOURCE;
				MTL_FAST_MATH = YES;
				ONLY_ACTIVE_ARCH = YES;
				SDKROOT = iphoneos;
				SWIFT_ACTIVE_COMPILATION_CONDITIONS = DEBUG;
				SWIFT_OPTIMIZATION_LEVEL = "-Onone";
				VERSIONING_SYSTEM = "apple-generic";
				VERSION_INFO_PREFIX = "";
			};
			name = Debug;
		};
		9F8B688B299F634D005E807F /* Release */ = {
			isa = XCBuildConfiguration;
			buildSettings = {
				ALWAYS_SEARCH_USER_PATHS = NO;
				CLANG_ANALYZER_NONNULL = YES;
				CLANG_ANALYZER_NUMBER_OBJECT_CONVERSION = YES_AGGRESSIVE;
				CLANG_CXX_LANGUAGE_STANDARD = "gnu++17";
				CLANG_ENABLE_MODULES = YES;
				CLANG_ENABLE_OBJC_ARC = YES;
				CLANG_ENABLE_OBJC_WEAK = YES;
				CLANG_WARN_BLOCK_CAPTURE_AUTORELEASING = YES;
				CLANG_WARN_BOOL_CONVERSION = YES;
				CLANG_WARN_COMMA = YES;
				CLANG_WARN_CONSTANT_CONVERSION = YES;
				CLANG_WARN_DEPRECATED_OBJC_IMPLEMENTATIONS = YES;
				CLANG_WARN_DIRECT_OBJC_ISA_USAGE = YES_ERROR;
				CLANG_WARN_DOCUMENTATION_COMMENTS = YES;
				CLANG_WARN_EMPTY_BODY = YES;
				CLANG_WARN_ENUM_CONVERSION = YES;
				CLANG_WARN_INFINITE_RECURSION = YES;
				CLANG_WARN_INT_CONVERSION = YES;
				CLANG_WARN_NON_LITERAL_NULL_CONVERSION = YES;
				CLANG_WARN_OBJC_IMPLICIT_RETAIN_SELF = YES;
				CLANG_WARN_OBJC_LITERAL_CONVERSION = YES;
				CLANG_WARN_OBJC_ROOT_CLASS = YES_ERROR;
				CLANG_WARN_QUOTED_INCLUDE_IN_FRAMEWORK_HEADER = YES;
				CLANG_WARN_RANGE_LOOP_ANALYSIS = YES;
				CLANG_WARN_STRICT_PROTOTYPES = YES;
				CLANG_WARN_SUSPICIOUS_MOVE = YES;
				CLANG_WARN_UNGUARDED_AVAILABILITY = YES_AGGRESSIVE;
				CLANG_WARN_UNREACHABLE_CODE = YES;
				CLANG_WARN__DUPLICATE_METHOD_MATCH = YES;
				COPY_PHASE_STRIP = NO;
				CURRENT_PROJECT_VERSION = 1;
				DEBUG_INFORMATION_FORMAT = "dwarf-with-dsym";
				ENABLE_NS_ASSERTIONS = NO;
				ENABLE_STRICT_OBJC_MSGSEND = YES;
				GCC_C_LANGUAGE_STANDARD = gnu11;
				GCC_NO_COMMON_BLOCKS = YES;
				GCC_WARN_64_TO_32_BIT_CONVERSION = YES;
				GCC_WARN_ABOUT_RETURN_TYPE = YES_ERROR;
				GCC_WARN_UNDECLARED_SELECTOR = YES;
				GCC_WARN_UNINITIALIZED_AUTOS = YES_AGGRESSIVE;
				GCC_WARN_UNUSED_FUNCTION = YES;
				GCC_WARN_UNUSED_VARIABLE = YES;
				IPHONEOS_DEPLOYMENT_TARGET = 15.5;
				MTL_ENABLE_DEBUG_INFO = NO;
				MTL_FAST_MATH = YES;
				SDKROOT = iphoneos;
				SWIFT_COMPILATION_MODE = wholemodule;
				SWIFT_OPTIMIZATION_LEVEL = "-O";
				VALIDATE_PRODUCT = YES;
				VERSIONING_SYSTEM = "apple-generic";
				VERSION_INFO_PREFIX = "";
			};
			name = Release;
		};
		9F8B688D299F634D005E807F /* Debug */ = {
			isa = XCBuildConfiguration;
			buildSettings = {
				CODE_SIGN_STYLE = Automatic;
				CURRENT_PROJECT_VERSION = 1;
				DEFINES_MODULE = YES;
				DEVELOPMENT_TEAM = AC33ZM6DPU;
				DYLIB_COMPATIBILITY_VERSION = 1;
				DYLIB_CURRENT_VERSION = 1;
				DYLIB_INSTALL_NAME_BASE = "@rpath";
				GENERATE_INFOPLIST_FILE = YES;
				INFOPLIST_KEY_NSHumanReadableCopyright = "";
				INSTALL_PATH = "$(LOCAL_LIBRARY_DIR)/Frameworks";
				LD_RUNPATH_SEARCH_PATHS = (
					"$(inherited)",
					"@executable_path/Frameworks",
					"@loader_path/Frameworks",
				);
				MARKETING_VERSION = 1.0;
				PRODUCT_BUNDLE_IDENTIFIER = rutveek.loopbots.ViewVideoPlayer;
				PRODUCT_NAME = "$(TARGET_NAME:c99extidentifier)";
				SKIP_INSTALL = YES;
				SWIFT_EMIT_LOC_STRINGS = YES;
				SWIFT_VERSION = 5.0;
				TARGETED_DEVICE_FAMILY = "1,2";
			};
			name = Debug;
		};
		9F8B688E299F634D005E807F /* Release */ = {
			isa = XCBuildConfiguration;
			buildSettings = {
				CODE_SIGN_STYLE = Automatic;
				CURRENT_PROJECT_VERSION = 1;
				DEFINES_MODULE = YES;
				DEVELOPMENT_TEAM = AC33ZM6DPU;
				DYLIB_COMPATIBILITY_VERSION = 1;
				DYLIB_CURRENT_VERSION = 1;
				DYLIB_INSTALL_NAME_BASE = "@rpath";
				GENERATE_INFOPLIST_FILE = YES;
				INFOPLIST_KEY_NSHumanReadableCopyright = "";
				INSTALL_PATH = "$(LOCAL_LIBRARY_DIR)/Frameworks";
				LD_RUNPATH_SEARCH_PATHS = (
					"$(inherited)",
					"@executable_path/Frameworks",
					"@loader_path/Frameworks",
				);
				MARKETING_VERSION = 1.0;
				PRODUCT_BUNDLE_IDENTIFIER = rutveek.loopbots.ViewVideoPlayer;
				PRODUCT_NAME = "$(TARGET_NAME:c99extidentifier)";
				SKIP_INSTALL = YES;
				SWIFT_EMIT_LOC_STRINGS = YES;
				SWIFT_VERSION = 5.0;
				TARGETED_DEVICE_FAMILY = "1,2";
			};
			name = Release;
		};
		9F8B6890299F634D005E807F /* Debug */ = {
			isa = XCBuildConfiguration;
			buildSettings = {
				ALWAYS_EMBED_SWIFT_STANDARD_LIBRARIES = YES;
				CODE_SIGN_STYLE = Automatic;
				CURRENT_PROJECT_VERSION = 1;
				DEVELOPMENT_TEAM = AC33ZM6DPU;
				GENERATE_INFOPLIST_FILE = YES;
				MARKETING_VERSION = 1.0;
				PRODUCT_BUNDLE_IDENTIFIER = rutveek.loopbots.ViewVideoPlayerTests;
				PRODUCT_NAME = "$(TARGET_NAME)";
				SWIFT_EMIT_LOC_STRINGS = NO;
				SWIFT_VERSION = 5.0;
				TARGETED_DEVICE_FAMILY = "1,2";
			};
			name = Debug;
		};
		9F8B6891299F634D005E807F /* Release */ = {
			isa = XCBuildConfiguration;
			buildSettings = {
				ALWAYS_EMBED_SWIFT_STANDARD_LIBRARIES = YES;
				CODE_SIGN_STYLE = Automatic;
				CURRENT_PROJECT_VERSION = 1;
				DEVELOPMENT_TEAM = AC33ZM6DPU;
				GENERATE_INFOPLIST_FILE = YES;
				MARKETING_VERSION = 1.0;
				PRODUCT_BUNDLE_IDENTIFIER = rutveek.loopbots.ViewVideoPlayerTests;
				PRODUCT_NAME = "$(TARGET_NAME)";
				SWIFT_EMIT_LOC_STRINGS = NO;
				SWIFT_VERSION = 5.0;
				TARGETED_DEVICE_FAMILY = "1,2";
			};
			name = Release;
		};
/* End XCBuildConfiguration section */

/* Begin XCConfigurationList section */
		9F8B6872299F634D005E807F /* Build configuration list for PBXProject "ViewVideoPlayer" */ = {
			isa = XCConfigurationList;
			buildConfigurations = (
				9F8B688A299F634D005E807F /* Debug */,
				9F8B688B299F634D005E807F /* Release */,
			);
			defaultConfigurationIsVisible = 0;
			defaultConfigurationName = Release;
		};
		9F8B688C299F634D005E807F /* Build configuration list for PBXNativeTarget "ViewVideoPlayer" */ = {
			isa = XCConfigurationList;
			buildConfigurations = (
				9F8B688D299F634D005E807F /* Debug */,
				9F8B688E299F634D005E807F /* Release */,
			);
			defaultConfigurationIsVisible = 0;
			defaultConfigurationName = Release;
		};
		9F8B688F299F634D005E807F /* Build configuration list for PBXNativeTarget "ViewVideoPlayerTests" */ = {
			isa = XCConfigurationList;
			buildConfigurations = (
				9F8B6890299F634D005E807F /* Debug */,
				9F8B6891299F634D005E807F /* Release */,
			);
			defaultConfigurationIsVisible = 0;
			defaultConfigurationName = Release;
		};
/* End XCConfigurationList section */
	};
	rootObject = 9F8B686F299F634D005E807F /* Project object */;
}
